
Microsoft Visual Studio Solution File, Format Version 11.00
# Visual Studio 2010
Project("{8BC9CEB8-8B4A-11D0-8D11-00A0C91BC942}") = "VC++", "VC++\VC++.vcxproj", "{9A0C4B97-13F9-4616-B91C-CE4A760033AC}"
EndProject
Global
	GlobalSection(SolutionConfigurationPlatforms) = preSolution
		Debug|Win32 = Debug|Win32
		Release|Win32 = Release|Win32
	EndGlobalSection
	GlobalSection(ProjectConfigurationPlatforms) = postSolution
		{9A0C4B97-13F9-4616-B91C-CE4A760033AC}.Debug|Win32.ActiveCfg = Debug|Win32
		{9A0C4B97-13F9-4616-B91C-CE4A760033AC}.Debug|Win32.Build.0 = Debug|Win32
		{9A0C4B97-13F9-4616-B91C-CE4A760033AC}.Release|Win32.ActiveCfg = Release|Win32
		{9A0C4B97-13F9-4616-B91C-CE4A760033AC}.Release|Win32.Build.0 = Release|Win32
	EndGlobalSection
	GlobalSection(SolutionProperties) = preSolution
		HideSolutionNode = FALSE
	EndGlobalSection
EndGlobal
